// !$*UTF8*$!
{
	archiveVersion = 1;
	classes = {
	};
	objectVersion = 46;
	objects = {

/* Begin PBXBuildFile section */
		48090AE91EDB69D70071D7B2 /* RightViewController.swift in Sources */ = {isa = PBXBuildFile; fileRef = 48090AE81EDB69D70071D7B2 /* RightViewController.swift */; };
		481A05E81ECF1E8600AA0D74 /* blockerList.json in Sources */ = {isa = PBXBuildFile; fileRef = 4897CD8B1ECCF24A00A0E13A /* blockerList.json */; };
		481A05E91ECF1E8C00AA0D74 /* blockerList.json in Resources */ = {isa = PBXBuildFile; fileRef = 4897CD8B1ECCF24A00A0E13A /* blockerList.json */; };
		481A05EB1ECF1EA600AA0D74 /* blockerList.json in CopyFiles */ = {isa = PBXBuildFile; fileRef = 4897CD8B1ECCF24A00A0E13A /* blockerList.json */; };
		481AB5811ED8CFF0007E09BA /* PaperSwitch.swift in Sources */ = {isa = PBXBuildFile; fileRef = 481AB5801ED8CFEF007E09BA /* PaperSwitch.swift */; };
		481BE5CD1ECFC8600099C724 /* blockerList.json in Resources */ = {isa = PBXBuildFile; fileRef = 481BE5CC1ECFC8600099C724 /* blockerList.json */; };
		4820E52B1ED99528004DD271 /* empty.json in Resources */ = {isa = PBXBuildFile; fileRef = 4820E52A1ED99528004DD271 /* empty.json */; };
		4820E52D1ED9D66A004DD271 /* RxKeyboard.framework in Frameworks */ = {isa = PBXBuildFile; fileRef = 4820E52C1ED9D66A004DD271 /* RxKeyboard.framework */; };
		4820E52F1ED9D66F004DD271 /* PaperSwitch.framework in Frameworks */ = {isa = PBXBuildFile; fileRef = 4820E52E1ED9D66F004DD271 /* PaperSwitch.framework */; };
		48218A831ECE66A4003F82F9 /* blockerList.json in Sources */ = {isa = PBXBuildFile; fileRef = 4897CD8B1ECCF24A00A0E13A /* blockerList.json */; };
		4861EFA31ED6DAD400BC368A /* SwipeNavigationController.swift in Sources */ = {isa = PBXBuildFile; fileRef = 4861EFA21ED6DAD400BC368A /* SwipeNavigationController.swift */; };
		48670A771ECD149900F2765E /* BlockerModel.swift in Sources */ = {isa = PBXBuildFile; fileRef = 48670A761ECD149900F2765E /* BlockerModel.swift */; };
		48670A7A1ECD1B9200F2765E /* Cells.swift in Sources */ = {isa = PBXBuildFile; fileRef = 48670A791ECD1B9200F2765E /* Cells.swift */; };
		487DDCD61ED0084500C9A217 /* DRY.swift in Sources */ = {isa = PBXBuildFile; fileRef = 487DDCD51ED0084500C9A217 /* DRY.swift */; };
		4887C7511ED6DBC1005653FA /* LeftViewController.swift in Sources */ = {isa = PBXBuildFile; fileRef = 4887C7501ED6DBC1005653FA /* LeftViewController.swift */; };
		489560B61ECE94E800674432 /* blockerList.json in Resources */ = {isa = PBXBuildFile; fileRef = 4897CD8B1ECCF24A00A0E13A /* blockerList.json */; };
		489560B71ECE961600674432 /* ContentBlockerRequestHandler.swift in Sources */ = {isa = PBXBuildFile; fileRef = 4897CD8D1ECCF24A00A0E13A /* ContentBlockerRequestHandler.swift */; };
		489560B81ECE961E00674432 /* ContentBlockerRequestHandler.swift in Resources */ = {isa = PBXBuildFile; fileRef = 4897CD8D1ECCF24A00A0E13A /* ContentBlockerRequestHandler.swift */; };
		4897CD741ECCF23300A0E13A /* AppDelegate.swift in Sources */ = {isa = PBXBuildFile; fileRef = 4897CD731ECCF23300A0E13A /* AppDelegate.swift */; };
		4897CD761ECCF23300A0E13A /* CenterViewController.swift in Sources */ = {isa = PBXBuildFile; fileRef = 4897CD751ECCF23300A0E13A /* CenterViewController.swift */; };
		4897CD7B1ECCF23400A0E13A /* Assets.xcassets in Resources */ = {isa = PBXBuildFile; fileRef = 4897CD7A1ECCF23400A0E13A /* Assets.xcassets */; };
		4897CD8E1ECCF24A00A0E13A /* ContentBlockerRequestHandler.swift in Sources */ = {isa = PBXBuildFile; fileRef = 4897CD8D1ECCF24A00A0E13A /* ContentBlockerRequestHandler.swift */; };
		4897CD921ECCF24A00A0E13A /* Extension.appex in Embed App Extensions */ = {isa = PBXBuildFile; fileRef = 4897CD891ECCF24A00A0E13A /* Extension.appex */; settings = {ATTRIBUTES = (RemoveHeadersOnCopy, ); }; };
		4897CD9F1ECD0A9A00A0E13A /* RxCocoa.framework in Frameworks */ = {isa = PBXBuildFile; fileRef = 4897CD9A1ECD0A9500A0E13A /* RxCocoa.framework */; };
		4897CDA01ECD0A9A00A0E13A /* RxSwift.framework in Frameworks */ = {isa = PBXBuildFile; fileRef = 4897CD9B1ECD0A9500A0E13A /* RxSwift.framework */; };
		4897CDA11ECD0A9A00A0E13A /* SnapKit.framework in Frameworks */ = {isa = PBXBuildFile; fileRef = 4897CD9C1ECD0A9500A0E13A /* SnapKit.framework */; };
		4897CDA21ECD0A9A00A0E13A /* SwiftyJSON.framework in Frameworks */ = {isa = PBXBuildFile; fileRef = 4897CD9D1ECD0A9500A0E13A /* SwiftyJSON.framework */; };
		489B9F471EDB3392009CA587 /* SCLAlertView.framework in Frameworks */ = {isa = PBXBuildFile; fileRef = 489B9F461EDB3392009CA587 /* SCLAlertView.framework */; };
		48C5B7F21EDE1E6F00FCC3DE /* OnboardingViewController.swift in Sources */ = {isa = PBXBuildFile; fileRef = 48C5B7F11EDE1E6F00FCC3DE /* OnboardingViewController.swift */; };
		48E219F31ED3B2D900B9BDCC /* SuggestionModel.swift in Sources */ = {isa = PBXBuildFile; fileRef = 48E219F21ED3B2D900B9BDCC /* SuggestionModel.swift */; };
/* End PBXBuildFile section */

/* Begin PBXContainerItemProxy section */
		4897CD901ECCF24A00A0E13A /* PBXContainerItemProxy */ = {
			isa = PBXContainerItemProxy;
			containerPortal = 4897CD681ECCF23300A0E13A /* Project object */;
			proxyType = 1;
			remoteGlobalIDString = 4897CD881ECCF24A00A0E13A;
			remoteInfo = Extension;
		};
/* End PBXContainerItemProxy section */

/* Begin PBXCopyFilesBuildPhase section */
		481A05EA1ECF1E9D00AA0D74 /* CopyFiles */ = {
			isa = PBXCopyFilesBuildPhase;
			buildActionMask = 2147483647;
			dstPath = "";
			dstSubfolderSpec = 7;
			files = (
				481A05EB1ECF1EA600AA0D74 /* blockerList.json in CopyFiles */,
			);
			runOnlyForDeploymentPostprocessing = 0;
		};
		4897CD961ECCF24A00A0E13A /* Embed App Extensions */ = {
			isa = PBXCopyFilesBuildPhase;
			buildActionMask = 2147483647;
			dstPath = "";
			dstSubfolderSpec = 13;
			files = (
				4897CD921ECCF24A00A0E13A /* Extension.appex in Embed App Extensions */,
			);
			name = "Embed App Extensions";
			runOnlyForDeploymentPostprocessing = 0;
		};
/* End PBXCopyFilesBuildPhase section */

/* Begin PBXFileReference section */
		480145491ECE7AAE00581461 /* SiteBlocker.entitlements */ = {isa = PBXFileReference; lastKnownFileType = text.plist.entitlements; path = SiteBlocker.entitlements; sourceTree = "<group>"; };
		48090AE81EDB69D70071D7B2 /* RightViewController.swift */ = {isa = PBXFileReference; fileEncoding = 4; lastKnownFileType = sourcecode.swift; path = RightViewController.swift; sourceTree = "<group>"; };
		481AB5801ED8CFEF007E09BA /* PaperSwitch.swift */ = {isa = PBXFileReference; fileEncoding = 4; lastKnownFileType = sourcecode.swift; path = PaperSwitch.swift; sourceTree = "<group>"; };
		481BE5CC1ECFC8600099C724 /* blockerList.json */ = {isa = PBXFileReference; fileEncoding = 4; lastKnownFileType = text.json; path = blockerList.json; sourceTree = "<group>"; };
		4820E52A1ED99528004DD271 /* empty.json */ = {isa = PBXFileReference; fileEncoding = 4; lastKnownFileType = text.json; path = empty.json; sourceTree = "<group>"; };
		4820E52C1ED9D66A004DD271 /* RxKeyboard.framework */ = {isa = PBXFileReference; lastKnownFileType = wrapper.framework; name = RxKeyboard.framework; path = Carthage/Build/iOS/RxKeyboard.framework; sourceTree = "<group>"; };
		4820E52E1ED9D66F004DD271 /* PaperSwitch.framework */ = {isa = PBXFileReference; lastKnownFileType = wrapper.framework; name = PaperSwitch.framework; path = Carthage/Build/iOS/PaperSwitch.framework; sourceTree = "<group>"; };
		4861EFA21ED6DAD400BC368A /* SwipeNavigationController.swift */ = {isa = PBXFileReference; fileEncoding = 4; lastKnownFileType = sourcecode.swift; name = SwipeNavigationController.swift; path = ../SwipeNavigationController.swift; sourceTree = "<group>"; };
		48670A761ECD149900F2765E /* BlockerModel.swift */ = {isa = PBXFileReference; fileEncoding = 4; lastKnownFileType = sourcecode.swift; path = BlockerModel.swift; sourceTree = "<group>"; };
		48670A791ECD1B9200F2765E /* Cells.swift */ = {isa = PBXFileReference; fileEncoding = 4; lastKnownFileType = sourcecode.swift; path = Cells.swift; sourceTree = "<group>"; };
		487DDCD51ED0084500C9A217 /* DRY.swift */ = {isa = PBXFileReference; fileEncoding = 4; lastKnownFileType = sourcecode.swift; path = DRY.swift; sourceTree = "<group>"; };
		4887C7501ED6DBC1005653FA /* LeftViewController.swift */ = {isa = PBXFileReference; fileEncoding = 4; lastKnownFileType = sourcecode.swift; path = LeftViewController.swift; sourceTree = "<group>"; };
		4897CD701ECCF23300A0E13A /* SiteBlocker.app */ = {isa = PBXFileReference; explicitFileType = wrapper.application; includeInIndex = 0; path = SiteBlocker.app; sourceTree = BUILT_PRODUCTS_DIR; };
		4897CD731ECCF23300A0E13A /* AppDelegate.swift */ = {isa = PBXFileReference; lastKnownFileType = sourcecode.swift; path = AppDelegate.swift; sourceTree = "<group>"; };
		4897CD751ECCF23300A0E13A /* CenterViewController.swift */ = {isa = PBXFileReference; lastKnownFileType = sourcecode.swift; path = CenterViewController.swift; sourceTree = "<group>"; };
		4897CD7A1ECCF23400A0E13A /* Assets.xcassets */ = {isa = PBXFileReference; lastKnownFileType = folder.assetcatalog; path = Assets.xcassets; sourceTree = "<group>"; };
		4897CD7F1ECCF23400A0E13A /* Info.plist */ = {isa = PBXFileReference; lastKnownFileType = text.plist.xml; path = Info.plist; sourceTree = "<group>"; };
		4897CD891ECCF24A00A0E13A /* Extension.appex */ = {isa = PBXFileReference; explicitFileType = "wrapper.app-extension"; includeInIndex = 0; path = Extension.appex; sourceTree = BUILT_PRODUCTS_DIR; };
		4897CD8B1ECCF24A00A0E13A /* blockerList.json */ = {isa = PBXFileReference; lastKnownFileType = text.json; path = blockerList.json; sourceTree = "<group>"; };
		4897CD8D1ECCF24A00A0E13A /* ContentBlockerRequestHandler.swift */ = {isa = PBXFileReference; lastKnownFileType = sourcecode.swift; path = ContentBlockerRequestHandler.swift; sourceTree = "<group>"; };
		4897CD8F1ECCF24A00A0E13A /* Info.plist */ = {isa = PBXFileReference; lastKnownFileType = text.plist.xml; path = Info.plist; sourceTree = "<group>"; };
		4897CD971ECCFAB900A0E13A /* Extension.entitlements */ = {isa = PBXFileReference; lastKnownFileType = text.plist.entitlements; path = Extension.entitlements; sourceTree = "<group>"; };
		4897CD9A1ECD0A9500A0E13A /* RxCocoa.framework */ = {isa = PBXFileReference; lastKnownFileType = wrapper.framework; name = RxCocoa.framework; path = Carthage/Build/iOS/RxCocoa.framework; sourceTree = "<group>"; };
		4897CD9B1ECD0A9500A0E13A /* RxSwift.framework */ = {isa = PBXFileReference; lastKnownFileType = wrapper.framework; name = RxSwift.framework; path = Carthage/Build/iOS/RxSwift.framework; sourceTree = "<group>"; };
		4897CD9C1ECD0A9500A0E13A /* SnapKit.framework */ = {isa = PBXFileReference; lastKnownFileType = wrapper.framework; name = SnapKit.framework; path = Carthage/Build/iOS/SnapKit.framework; sourceTree = "<group>"; };
		4897CD9D1ECD0A9500A0E13A /* SwiftyJSON.framework */ = {isa = PBXFileReference; lastKnownFileType = wrapper.framework; name = SwiftyJSON.framework; path = Carthage/Build/iOS/SwiftyJSON.framework; sourceTree = "<group>"; };
		489B9F441EDB1D7C009CA587 /* LTMorphingLabel.framework */ = {isa = PBXFileReference; lastKnownFileType = wrapper.framework; name = LTMorphingLabel.framework; path = Carthage/Build/iOS/LTMorphingLabel.framework; sourceTree = "<group>"; };
		489B9F461EDB3392009CA587 /* SCLAlertView.framework */ = {isa = PBXFileReference; lastKnownFileType = wrapper.framework; name = SCLAlertView.framework; path = Carthage/Build/iOS/SCLAlertView.framework; sourceTree = "<group>"; };
		48C5B7F11EDE1E6F00FCC3DE /* OnboardingViewController.swift */ = {isa = PBXFileReference; fileEncoding = 4; lastKnownFileType = sourcecode.swift; path = OnboardingViewController.swift; sourceTree = "<group>"; };
		48D0679C1ED23BA600AB1B1C /* Hero.framework */ = {isa = PBXFileReference; lastKnownFileType = wrapper.framework; name = Hero.framework; path = Carthage/Build/iOS/Hero.framework; sourceTree = "<group>"; };
		48DA76EB1EE0A26F00836534 /* Device.framework */ = {isa = PBXFileReference; lastKnownFileType = wrapper.framework; name = Device.framework; path = Carthage/Build/iOS/Device.framework; sourceTree = "<group>"; };
		48E219F21ED3B2D900B9BDCC /* SuggestionModel.swift */ = {isa = PBXFileReference; fileEncoding = 4; lastKnownFileType = sourcecode.swift; path = SuggestionModel.swift; sourceTree = "<group>"; };
/* End PBXFileReference section */

/* Begin PBXFrameworksBuildPhase section */
		4897CD6D1ECCF23300A0E13A /* Frameworks */ = {
			isa = PBXFrameworksBuildPhase;
			buildActionMask = 2147483647;
			files = (
				4897CD9F1ECD0A9A00A0E13A /* RxCocoa.framework in Frameworks */,
				4897CDA01ECD0A9A00A0E13A /* RxSwift.framework in Frameworks */,
				489B9F471EDB3392009CA587 /* SCLAlertView.framework in Frameworks */,
				4820E52D1ED9D66A004DD271 /* RxKeyboard.framework in Frameworks */,
				4820E52F1ED9D66F004DD271 /* PaperSwitch.framework in Frameworks */,
				4897CDA11ECD0A9A00A0E13A /* SnapKit.framework in Frameworks */,
				4897CDA21ECD0A9A00A0E13A /* SwiftyJSON.framework in Frameworks */,
			);
			runOnlyForDeploymentPostprocessing = 0;
		};
		4897CD861ECCF24A00A0E13A /* Frameworks */ = {
			isa = PBXFrameworksBuildPhase;
			buildActionMask = 2147483647;
			files = (
			);
			runOnlyForDeploymentPostprocessing = 0;
		};
/* End PBXFrameworksBuildPhase section */

/* Begin PBXGroup section */
		4897CD671ECCF23300A0E13A = {
			isa = PBXGroup;
			children = (
				4897CD721ECCF23300A0E13A /* SiteBlocker */,
				4897CD8A1ECCF24A00A0E13A /* Extension */,
				4897CD711ECCF23300A0E13A /* Products */,
				4897CD981ECD0A8F00A0E13A /* Frameworks */,
			);
			sourceTree = "<group>";
		};
		4897CD711ECCF23300A0E13A /* Products */ = {
			isa = PBXGroup;
			children = (
				4897CD701ECCF23300A0E13A /* SiteBlocker.app */,
				4897CD891ECCF24A00A0E13A /* Extension.appex */,
			);
			name = Products;
			sourceTree = "<group>";
		};
		4897CD721ECCF23300A0E13A /* SiteBlocker */ = {
			isa = PBXGroup;
			children = (
				480145491ECE7AAE00581461 /* SiteBlocker.entitlements */,
				4897CD731ECCF23300A0E13A /* AppDelegate.swift */,
				4897CD751ECCF23300A0E13A /* CenterViewController.swift */,
				4887C7501ED6DBC1005653FA /* LeftViewController.swift */,
				4897CD7A1ECCF23400A0E13A /* Assets.xcassets */,
				4897CD7F1ECCF23400A0E13A /* Info.plist */,
				48670A761ECD149900F2765E /* BlockerModel.swift */,
				48670A791ECD1B9200F2765E /* Cells.swift */,
				481BE5CC1ECFC8600099C724 /* blockerList.json */,
				487DDCD51ED0084500C9A217 /* DRY.swift */,
				48E219F21ED3B2D900B9BDCC /* SuggestionModel.swift */,
				4861EFA21ED6DAD400BC368A /* SwipeNavigationController.swift */,
				481AB5801ED8CFEF007E09BA /* PaperSwitch.swift */,
				48090AE81EDB69D70071D7B2 /* RightViewController.swift */,
				48C5B7F11EDE1E6F00FCC3DE /* OnboardingViewController.swift */,
			);
			path = SiteBlocker;
			sourceTree = "<group>";
		};
		4897CD8A1ECCF24A00A0E13A /* Extension */ = {
			isa = PBXGroup;
			children = (
				4897CD971ECCFAB900A0E13A /* Extension.entitlements */,
				4897CD8B1ECCF24A00A0E13A /* blockerList.json */,
				4897CD8D1ECCF24A00A0E13A /* ContentBlockerRequestHandler.swift */,
				4897CD8F1ECCF24A00A0E13A /* Info.plist */,
				4820E52A1ED99528004DD271 /* empty.json */,
			);
			path = Extension;
			sourceTree = "<group>";
		};
		4897CD981ECD0A8F00A0E13A /* Frameworks */ = {
			isa = PBXGroup;
			children = (
				48DA76EB1EE0A26F00836534 /* Device.framework */,
				489B9F461EDB3392009CA587 /* SCLAlertView.framework */,
				489B9F441EDB1D7C009CA587 /* LTMorphingLabel.framework */,
				4820E52E1ED9D66F004DD271 /* PaperSwitch.framework */,
				4820E52C1ED9D66A004DD271 /* RxKeyboard.framework */,
				48D0679C1ED23BA600AB1B1C /* Hero.framework */,
				4897CD9A1ECD0A9500A0E13A /* RxCocoa.framework */,
				4897CD9B1ECD0A9500A0E13A /* RxSwift.framework */,
				4897CD9C1ECD0A9500A0E13A /* SnapKit.framework */,
				4897CD9D1ECD0A9500A0E13A /* SwiftyJSON.framework */,
			);
			name = Frameworks;
			sourceTree = "<group>";
		};
/* End PBXGroup section */

/* Begin PBXNativeTarget section */
		4897CD6F1ECCF23300A0E13A /* SiteBlocker */ = {
			isa = PBXNativeTarget;
			buildConfigurationList = 4897CD821ECCF23400A0E13A /* Build configuration list for PBXNativeTarget "SiteBlocker" */;
			buildPhases = (
				4897CD6C1ECCF23300A0E13A /* Sources */,
				4897CD6D1ECCF23300A0E13A /* Frameworks */,
				4897CD6E1ECCF23300A0E13A /* Resources */,
				4897CD961ECCF24A00A0E13A /* Embed App Extensions */,
				4897CDA31ECD0AA000A0E13A /* Cart */,
				481A05EA1ECF1E9D00AA0D74 /* CopyFiles */,
			);
			buildRules = (
			);
			dependencies = (
				4897CD911ECCF24A00A0E13A /* PBXTargetDependency */,
			);
			name = SiteBlocker;
			productName = SiteBlocker;
			productReference = 4897CD701ECCF23300A0E13A /* SiteBlocker.app */;
			productType = "com.apple.product-type.application";
		};
		4897CD881ECCF24A00A0E13A /* Extension */ = {
			isa = PBXNativeTarget;
			buildConfigurationList = 4897CD931ECCF24A00A0E13A /* Build configuration list for PBXNativeTarget "Extension" */;
			buildPhases = (
				4897CD851ECCF24A00A0E13A /* Sources */,
				4897CD861ECCF24A00A0E13A /* Frameworks */,
				4897CD871ECCF24A00A0E13A /* Resources */,
			);
			buildRules = (
			);
			dependencies = (
			);
			name = Extension;
			productName = Extension;
			productReference = 4897CD891ECCF24A00A0E13A /* Extension.appex */;
			productType = "com.apple.product-type.app-extension";
		};
/* End PBXNativeTarget section */

/* Begin PBXProject section */
		4897CD681ECCF23300A0E13A /* Project object */ = {
			isa = PBXProject;
			attributes = {
				LastSwiftUpdateCheck = 0830;
				LastUpgradeCheck = 0830;
				ORGANIZATIONNAME = "Luke Mann";
				TargetAttributes = {
					4897CD6F1ECCF23300A0E13A = {
						CreatedOnToolsVersion = 8.3.1;
						DevelopmentTeam = M2RX96FFDP;
						ProvisioningStyle = Automatic;
						SystemCapabilities = {
							com.apple.ApplicationGroups.iOS = {
								enabled = 1;
							};
							com.apple.NetworkExtensions = {
								enabled = 0;
							};
							com.apple.Push = {
								enabled = 1;
							};
						};
					};
					4897CD881ECCF24A00A0E13A = {
						CreatedOnToolsVersion = 8.3.1;
						DevelopmentTeam = M2RX96FFDP;
						ProvisioningStyle = Automatic;
						SystemCapabilities = {
							com.apple.ApplicationGroups.iOS = {
								enabled = 1;
							};
						};
					};
				};
			};
			buildConfigurationList = 4897CD6B1ECCF23300A0E13A /* Build configuration list for PBXProject "SiteBlocker" */;
			compatibilityVersion = "Xcode 3.2";
			developmentRegion = English;
			hasScannedForEncodings = 0;
			knownRegions = (
				en,
				Base,
			);
			mainGroup = 4897CD671ECCF23300A0E13A;
			productRefGroup = 4897CD711ECCF23300A0E13A /* Products */;
			projectDirPath = "";
			projectRoot = "";
			targets = (
				4897CD6F1ECCF23300A0E13A /* SiteBlocker */,
				4897CD881ECCF24A00A0E13A /* Extension */,
			);
		};
/* End PBXProject section */

/* Begin PBXResourcesBuildPhase section */
		4897CD6E1ECCF23300A0E13A /* Resources */ = {
			isa = PBXResourcesBuildPhase;
			buildActionMask = 2147483647;
			files = (
				481BE5CD1ECFC8600099C724 /* blockerList.json in Resources */,
				489560B81ECE961E00674432 /* ContentBlockerRequestHandler.swift in Resources */,
				489560B61ECE94E800674432 /* blockerList.json in Resources */,
				4897CD7B1ECCF23400A0E13A /* Assets.xcassets in Resources */,
			);
			runOnlyForDeploymentPostprocessing = 0;
		};
		4897CD871ECCF24A00A0E13A /* Resources */ = {
			isa = PBXResourcesBuildPhase;
			buildActionMask = 2147483647;
			files = (
				481A05E91ECF1E8C00AA0D74 /* blockerList.json in Resources */,
				4820E52B1ED99528004DD271 /* empty.json in Resources */,
			);
			runOnlyForDeploymentPostprocessing = 0;
		};
/* End PBXResourcesBuildPhase section */

/* Begin PBXShellScriptBuildPhase section */
		4897CDA31ECD0AA000A0E13A /* Cart */ = {
			isa = PBXShellScriptBuildPhase;
			buildActionMask = 2147483647;
			files = (
			);
			inputPaths = (
				"$(SRCROOT)/Carthage/Build/iOS/RxSwift.framework",
				"$(SRCROOT)/Carthage/Build/iOS/RxCocoa.framework",
				"$(SRCROOT)/Carthage/Build/iOS/SnapKit.framework",
				"$(SRCROOT)/Carthage/Build/iOS/SwiftyJSON.framework",
				"$(SRCROOT)/Carthage/Build/iOS/PaperSwitch.framework",
				"$(SRCROOT)/Carthage/Build/iOS/RxKeyboard.framework",
				"$(SRCROOT)/Carthage/Build/iOS/SCLAlertView.framework",
			);
			name = Cart;
			outputPaths = (
			);
			runOnlyForDeploymentPostprocessing = 0;
			shellPath = /bin/sh;
			shellScript = "/usr/local/bin/carthage copy-frameworks";
		};
/* End PBXShellScriptBuildPhase section */

/* Begin PBXSourcesBuildPhase section */
		4897CD6C1ECCF23300A0E13A /* Sources */ = {
			isa = PBXSourcesBuildPhase;
			buildActionMask = 2147483647;
			files = (
				48C5B7F21EDE1E6F00FCC3DE /* OnboardingViewController.swift in Sources */,
				48E219F31ED3B2D900B9BDCC /* SuggestionModel.swift in Sources */,
				489560B71ECE961600674432 /* ContentBlockerRequestHandler.swift in Sources */,
				48218A831ECE66A4003F82F9 /* blockerList.json in Sources */,
				4887C7511ED6DBC1005653FA /* LeftViewController.swift in Sources */,
				4897CD761ECCF23300A0E13A /* CenterViewController.swift in Sources */,
				48090AE91EDB69D70071D7B2 /* RightViewController.swift in Sources */,
				48670A771ECD149900F2765E /* BlockerModel.swift in Sources */,
				48670A7A1ECD1B9200F2765E /* Cells.swift in Sources */,
				4861EFA31ED6DAD400BC368A /* SwipeNavigationController.swift in Sources */,
				4897CD741ECCF23300A0E13A /* AppDelegate.swift in Sources */,
				487DDCD61ED0084500C9A217 /* DRY.swift in Sources */,
				481AB5811ED8CFF0007E09BA /* PaperSwitch.swift in Sources */,
			);
			runOnlyForDeploymentPostprocessing = 0;
		};
		4897CD851ECCF24A00A0E13A /* Sources */ = {
			isa = PBXSourcesBuildPhase;
			buildActionMask = 2147483647;
			files = (
				481A05E81ECF1E8600AA0D74 /* blockerList.json in Sources */,
				4897CD8E1ECCF24A00A0E13A /* ContentBlockerRequestHandler.swift in Sources */,
			);
			runOnlyForDeploymentPostprocessing = 0;
		};
/* End PBXSourcesBuildPhase section */

/* Begin PBXTargetDependency section */
		4897CD911ECCF24A00A0E13A /* PBXTargetDependency */ = {
			isa = PBXTargetDependency;
			target = 4897CD881ECCF24A00A0E13A /* Extension */;
			targetProxy = 4897CD901ECCF24A00A0E13A /* PBXContainerItemProxy */;
		};
/* End PBXTargetDependency section */

/* Begin XCBuildConfiguration section */
		4897CD801ECCF23400A0E13A /* Debug */ = {
			isa = XCBuildConfiguration;
			buildSettings = {
				ALWAYS_SEARCH_USER_PATHS = NO;
				CLANG_ANALYZER_NONNULL = YES;
				CLANG_ANALYZER_NUMBER_OBJECT_CONVERSION = YES_AGGRESSIVE;
				CLANG_CXX_LANGUAGE_STANDARD = "gnu++0x";
				CLANG_CXX_LIBRARY = "libc++";
				CLANG_ENABLE_MODULES = YES;
				CLANG_ENABLE_OBJC_ARC = YES;
				CLANG_WARN_BOOL_CONVERSION = YES;
				CLANG_WARN_CONSTANT_CONVERSION = YES;
				CLANG_WARN_DIRECT_OBJC_ISA_USAGE = YES_ERROR;
				CLANG_WARN_DOCUMENTATION_COMMENTS = YES;
				CLANG_WARN_EMPTY_BODY = YES;
				CLANG_WARN_ENUM_CONVERSION = YES;
				CLANG_WARN_INFINITE_RECURSION = YES;
				CLANG_WARN_INT_CONVERSION = YES;
				CLANG_WARN_OBJC_ROOT_CLASS = YES_ERROR;
				CLANG_WARN_SUSPICIOUS_MOVE = YES;
				CLANG_WARN_UNREACHABLE_CODE = YES;
				CLANG_WARN__DUPLICATE_METHOD_MATCH = YES;
				"CODE_SIGN_IDENTITY[sdk=iphoneos*]" = "iPhone Developer";
				COPY_PHASE_STRIP = NO;
				DEBUG_INFORMATION_FORMAT = dwarf;
				ENABLE_STRICT_OBJC_MSGSEND = YES;
				ENABLE_TESTABILITY = YES;
				GCC_C_LANGUAGE_STANDARD = gnu99;
				GCC_DYNAMIC_NO_PIC = NO;
				GCC_NO_COMMON_BLOCKS = YES;
				GCC_OPTIMIZATION_LEVEL = 0;
				GCC_PREPROCESSOR_DEFINITIONS = (
					"DEBUG=1",
					"$(inherited)",
				);
				GCC_WARN_64_TO_32_BIT_CONVERSION = YES;
				GCC_WARN_ABOUT_RETURN_TYPE = YES_ERROR;
				GCC_WARN_UNDECLARED_SELECTOR = YES;
				GCC_WARN_UNINITIALIZED_AUTOS = YES_AGGRESSIVE;
				GCC_WARN_UNUSED_FUNCTION = YES;
				GCC_WARN_UNUSED_VARIABLE = YES;
				IPHONEOS_DEPLOYMENT_TARGET = 10.3;
				MTL_ENABLE_DEBUG_INFO = YES;
				ONLY_ACTIVE_ARCH = YES;
				SDKROOT = iphoneos;
				SWIFT_ACTIVE_COMPILATION_CONDITIONS = DEBUG;
				SWIFT_OPTIMIZATION_LEVEL = "-Onone";
			};
			name = Debug;
		};
		4897CD811ECCF23400A0E13A /* Release */ = {
			isa = XCBuildConfiguration;
			buildSettings = {
				ALWAYS_SEARCH_USER_PATHS = NO;
				CLANG_ANALYZER_NONNULL = YES;
				CLANG_ANALYZER_NUMBER_OBJECT_CONVERSION = YES_AGGRESSIVE;
				CLANG_CXX_LANGUAGE_STANDARD = "gnu++0x";
				CLANG_CXX_LIBRARY = "libc++";
				CLANG_ENABLE_MODULES = YES;
				CLANG_ENABLE_OBJC_ARC = YES;
				CLANG_WARN_BOOL_CONVERSION = YES;
				CLANG_WARN_CONSTANT_CONVERSION = YES;
				CLANG_WARN_DIRECT_OBJC_ISA_USAGE = YES_ERROR;
				CLANG_WARN_DOCUMENTATION_COMMENTS = YES;
				CLANG_WARN_EMPTY_BODY = YES;
				CLANG_WARN_ENUM_CONVERSION = YES;
				CLANG_WARN_INFINITE_RECURSION = YES;
				CLANG_WARN_INT_CONVERSION = YES;
				CLANG_WARN_OBJC_ROOT_CLASS = YES_ERROR;
				CLANG_WARN_SUSPICIOUS_MOVE = YES;
				CLANG_WARN_UNREACHABLE_CODE = YES;
				CLANG_WARN__DUPLICATE_METHOD_MATCH = YES;
				"CODE_SIGN_IDENTITY[sdk=iphoneos*]" = "iPhone Developer";
				COPY_PHASE_STRIP = NO;
				DEBUG_INFORMATION_FORMAT = "dwarf-with-dsym";
				ENABLE_NS_ASSERTIONS = NO;
				ENABLE_STRICT_OBJC_MSGSEND = YES;
				GCC_C_LANGUAGE_STANDARD = gnu99;
				GCC_NO_COMMON_BLOCKS = YES;
				GCC_WARN_64_TO_32_BIT_CONVERSION = YES;
				GCC_WARN_ABOUT_RETURN_TYPE = YES_ERROR;
				GCC_WARN_UNDECLARED_SELECTOR = YES;
				GCC_WARN_UNINITIALIZED_AUTOS = YES_AGGRESSIVE;
				GCC_WARN_UNUSED_FUNCTION = YES;
				GCC_WARN_UNUSED_VARIABLE = YES;
				IPHONEOS_DEPLOYMENT_TARGET = 10.3;
				MTL_ENABLE_DEBUG_INFO = NO;
				SDKROOT = iphoneos;
				SWIFT_OPTIMIZATION_LEVEL = "-Owholemodule";
				VALIDATE_PRODUCT = YES;
			};
			name = Release;
		};
		4897CD831ECCF23400A0E13A /* Debug */ = {
			isa = XCBuildConfiguration;
			buildSettings = {
				ALWAYS_EMBED_SWIFT_STANDARD_LIBRARIES = YES;
				ASSETCATALOG_COMPILER_APPICON_NAME = AppIcon;
				CODE_SIGN_ENTITLEMENTS = SiteBlocker/SiteBlocker.entitlements;
				DEVELOPMENT_TEAM = M2RX96FFDP;
				FRAMEWORK_SEARCH_PATHS = (
					"$(inherited)",
					"$(PROJECT_DIR)/Carthage/Build/iOS",
				);
				INFOPLIST_FILE = SiteBlocker/Info.plist;
				LD_RUNPATH_SEARCH_PATHS = "$(inherited) @executable_path/Frameworks";
				PRODUCT_BUNDLE_IDENTIFIER = com.lukejmann.SiteBlocker;
				PRODUCT_NAME = "$(TARGET_NAME)";
				SWIFT_VERSION = 3.0;
			};
			name = Debug;
		};
		4897CD841ECCF23400A0E13A /* Release */ = {
			isa = XCBuildConfiguration;
			buildSettings = {
				ALWAYS_EMBED_SWIFT_STANDARD_LIBRARIES = YES;
				ASSETCATALOG_COMPILER_APPICON_NAME = AppIcon;
				CODE_SIGN_ENTITLEMENTS = SiteBlocker/SiteBlocker.entitlements;
				DEVELOPMENT_TEAM = M2RX96FFDP;
				FRAMEWORK_SEARCH_PATHS = (
					"$(inherited)",
					"$(PROJECT_DIR)/Carthage/Build/iOS",
				);
				INFOPLIST_FILE = SiteBlocker/Info.plist;
				LD_RUNPATH_SEARCH_PATHS = "$(inherited) @executable_path/Frameworks";
				PRODUCT_BUNDLE_IDENTIFIER = com.lukejmann.SiteBlocker;
				PRODUCT_NAME = "$(TARGET_NAME)";
				SWIFT_VERSION = 3.0;
			};
			name = Release;
		};
		4897CD941ECCF24A00A0E13A /* Debug */ = {
			isa = XCBuildConfiguration;
			buildSettings = {
				ARCHS = "$(ARCHS_STANDARD_64_BIT)";
				CODE_SIGN_ENTITLEMENTS = Extension/Extension.entitlements;
				DEVELOPMENT_TEAM = M2RX96FFDP;
				FRAMEWORK_SEARCH_PATHS = (
					"$(inherited)",
					"$(PROJECT_DIR)/Carthage/Build/iOS",
				);
				INFOPLIST_FILE = Extension/Info.plist;
				LD_RUNPATH_SEARCH_PATHS = "$(inherited) @executable_path/Frameworks @executable_path/../../Frameworks";
				PRODUCT_BUNDLE_IDENTIFIER = com.lukejmann.SiteBlocker.Extension;
				PRODUCT_NAME = "$(TARGET_NAME)";
				SKIP_INSTALL = YES;
				SWIFT_VERSION = 3.0;
			};
			name = Debug;
		};
		4897CD951ECCF24A00A0E13A /* Release */ = {
			isa = XCBuildConfiguration;
			buildSettings = {
				ARCHS = "$(ARCHS_STANDARD_64_BIT)";
				CODE_SIGN_ENTITLEMENTS = Extension/Extension.entitlements;
				DEVELOPMENT_TEAM = M2RX96FFDP;
				FRAMEWORK_SEARCH_PATHS = (
					"$(inherited)",
					"$(PROJECT_DIR)/Carthage/Build/iOS",
				);
				INFOPLIST_FILE = Extension/Info.plist;
				LD_RUNPATH_SEARCH_PATHS = "$(inherited) @executable_path/Frameworks @executable_path/../../Frameworks";
				PRODUCT_BUNDLE_IDENTIFIER = com.lukejmann.SiteBlocker.Extension;
				PRODUCT_NAME = "$(TARGET_NAME)";
				SKIP_INSTALL = YES;
				SWIFT_VERSION = 3.0;
			};
			name = Release;
		};
/* End XCBuildConfiguration section */

/* Begin XCConfigurationList section */
		4897CD6B1ECCF23300A0E13A /* Build configuration list for PBXProject "SiteBlocker" */ = {
			isa = XCConfigurationList;
			buildConfigurations = (
				4897CD801ECCF23400A0E13A /* Debug */,
				4897CD811ECCF23400A0E13A /* Release */,
			);
			defaultConfigurationIsVisible = 0;
			defaultConfigurationName = Release;
		};
		4897CD821ECCF23400A0E13A /* Build configuration list for PBXNativeTarget "SiteBlocker" */ = {
			isa = XCConfigurationList;
			buildConfigurations = (
				4897CD831ECCF23400A0E13A /* Debug */,
				4897CD841ECCF23400A0E13A /* Release */,
			);
			defaultConfigurationIsVisible = 0;
			defaultConfigurationName = Release;
		};
		4897CD931ECCF24A00A0E13A /* Build configuration list for PBXNativeTarget "Extension" */ = {
			isa = XCConfigurationList;
			buildConfigurations = (
				4897CD941ECCF24A00A0E13A /* Debug */,
				4897CD951ECCF24A00A0E13A /* Release */,
			);
			defaultConfigurationIsVisible = 0;
			defaultConfigurationName = Release;
		};
/* End XCConfigurationList section */
	};
	rootObject = 4897CD681ECCF23300A0E13A /* Project object */;
}
